
Microsoft Visual Studio Solution File, Format Version 12.00
# Visual Studio Version 17
VisualStudioVersion = 17.2.32616.157
MinimumVisualStudioVersion = 10.0.40219.1
Project("{FAE04EC0-301F-11D3-BF4B-00C04F79EFBC}") = "BlazorApp2", "BlazorApp2\BlazorApp2.csproj", "{7C3E8F8C-C8C5-4A9B-A6A2-FB33637524F1}"
EndProject
Global
	GlobalSection(SolutionConfigurationPlatforms) = preSolution
		Debug|Any CPU = Debug|Any CPU
		Release|Any CPU = Release|Any CPU
	EndGlobalSection
	GlobalSection(ProjectConfigurationPlatforms) = postSolution
		{7C3E8F8C-C8C5-4A9B-A6A2-FB33637524F1}.Debug|Any CPU.ActiveCfg = Debug|Any CPU
		{7C3E8F8C-C8C5-4A9B-A6A2-FB33637524F1}.Debug|Any CPU.Build.0 = Debug|Any CPU
		{7C3E8F8C-C8C5-4A9B-A6A2-FB33637524F1}.Release|Any CPU.ActiveCfg = Release|Any CPU
		{7C3E8F8C-C8C5-4A9B-A6A2-FB33637524F1}.Release|Any CPU.Build.0 = Release|Any CPU
	EndGlobalSection
	GlobalSection(SolutionProperties) = preSolution
		HideSolutionNode = FALSE
	EndGlobalSection
	GlobalSection(ExtensibilityGlobals) = postSolution
		SolutionGuid = {991A623F-0846-4291-B71B-8B57173EB50C}
	EndGlobalSection
EndGlobal
